// !$*UTF8*$!
{
	archiveVersion = 1;
	classes = {
	};
	objectVersion = 50;
	objects = {

/* Begin PBXBuildFile section */
		DE44CA5D21411BF1001A3A59 /* AppDelegate.m in Sources */ = {isa = PBXBuildFile; fileRef = DE44CA5C21411BF1001A3A59 /* AppDelegate.m */; };
		DE44CA6021411BF1001A3A59 /* ViewController.m in Sources */ = {isa = PBXBuildFile; fileRef = DE44CA5F21411BF1001A3A59 /* ViewController.m */; };
		DE44CA6321411BF1001A3A59 /* Main.storyboard in Resources */ = {isa = PBXBuildFile; fileRef = DE44CA6121411BF1001A3A59 /* Main.storyboard */; };
		DE44CA6521411BF2001A3A59 /* Assets.xcassets in Resources */ = {isa = PBXBuildFile; fileRef = DE44CA6421411BF2001A3A59 /* Assets.xcassets */; };
		DE44CA6821411BF2001A3A59 /* LaunchScreen.storyboard in Resources */ = {isa = PBXBuildFile; fileRef = DE44CA6621411BF2001A3A59 /* LaunchScreen.storyboard */; };
		DE44CA6B21411BF2001A3A59 /* main.m in Sources */ = {isa = PBXBuildFile; fileRef = DE44CA6A21411BF2001A3A59 /* main.m */; };
		DE44CA7421411C17001A3A59 /* UIButton+ClickRange.m in Sources */ = {isa = PBXBuildFile; fileRef = DE44CA7321411C17001A3A59 /* UIButton+ClickRange.m */; };
/* End PBXBuildFile section */

/* Begin PBXFileReference section */
		DE44CA5821411BF1001A3A59 /* UIButtonClickRange.app */ = {isa = PBXFileReference; explicitFileType = wrapper.application; includeInIndex = 0; path = UIButtonClickRange.app; sourceTree = BUILT_PRODUCTS_DIR; };
		DE44CA5B21411BF1001A3A59 /* AppDelegate.h */ = {isa = PBXFileReference; lastKnownFileType = sourcecode.c.h; path = AppDelegate.h; sourceTree = "<group>"; };
		DE44CA5C21411BF1001A3A59 /* AppDelegate.m */ = {isa = PBXFileReference; lastKnownFileType = sourcecode.c.objc; path = AppDelegate.m; sourceTree = "<group>"; };
		DE44CA5E21411BF1001A3A59 /* ViewController.h */ = {isa = PBXFileReference; lastKnownFileType = sourcecode.c.h; path = ViewController.h; sourceTree = "<group>"; };
		DE44CA5F21411BF1001A3A59 /* ViewController.m */ = {isa = PBXFileReference; lastKnownFileType = sourcecode.c.objc; path = ViewController.m; sourceTree = "<group>"; };
		DE44CA6221411BF1001A3A59 /* Base */ = {isa = PBXFileReference; lastKnownFileType = file.storyboard; name = Base; path = Base.lproj/Main.storyboard; sourceTree = "<group>"; };
		DE44CA6421411BF2001A3A59 /* Assets.xcassets */ = {isa = PBXFileReference; lastKnownFileType = folder.assetcatalog; path = Assets.xcassets; sourceTree = "<group>"; };
		DE44CA6721411BF2001A3A59 /* Base */ = {isa = PBXFileReference; lastKnownFileType = file.storyboard; name = Base; path = Base.lproj/LaunchScreen.storyboard; sourceTree = "<group>"; };
		DE44CA6921411BF2001A3A59 /* Info.plist */ = {isa = PBXFileReference; lastKnownFileType = text.plist.xml; path = Info.plist; sourceTree = "<group>"; };
		DE44CA6A21411BF2001A3A59 /* main.m */ = {isa = PBXFileReference; lastKnownFileType = sourcecode.c.objc; path = main.m; sourceTree = "<group>"; };
		DE44CA7221411C17001A3A59 /* UIButton+ClickRange.h */ = {isa = PBXFileReference; lastKnownFileType = sourcecode.c.h; path = "UIButton+ClickRange.h"; sourceTree = "<group>"; };
		DE44CA7321411C17001A3A59 /* UIButton+ClickRange.m */ = {isa = PBXFileReference; lastKnownFileType = sourcecode.c.objc; path = "UIButton+ClickRange.m"; sourceTree = "<group>"; };
/* End PBXFileReference section */

/* Begin PBXFrameworksBuildPhase section */
		DE44CA5521411BF1001A3A59 /* Frameworks */ = {
			isa = PBXFrameworksBuildPhase;
			buildActionMask = 2147483647;
			files = (
			);
			runOnlyForDeploymentPostprocessing = 0;
		};
/* End PBXFrameworksBuildPhase section */

/* Begin PBXGroup section */
		DE44CA4F21411BF1001A3A59 = {
			isa = PBXGroup;
			children = (
				DE44CA5A21411BF1001A3A59 /* UIButtonClickRange */,
				DE44CA5921411BF1001A3A59 /* Products */,
			);
			sourceTree = "<group>";
		};
		DE44CA5921411BF1001A3A59 /* Products */ = {
			isa = PBXGroup;
			children = (
				DE44CA5821411BF1001A3A59 /* UIButtonClickRange.app */,
			);
			name = Products;
			sourceTree = "<group>";
		};
		DE44CA5A21411BF1001A3A59 /* UIButtonClickRange */ = {
			isa = PBXGroup;
			children = (
				DE44CA7121411C01001A3A59 /* Category */,
				DE44CA5B21411BF1001A3A59 /* AppDelegate.h */,
				DE44CA5C21411BF1001A3A59 /* AppDelegate.m */,
				DE44CA5E21411BF1001A3A59 /* ViewController.h */,
				DE44CA5F21411BF1001A3A59 /* ViewController.m */,
				DE44CA6121411BF1001A3A59 /* Main.storyboard */,
				DE44CA6421411BF2001A3A59 /* Assets.xcassets */,
				DE44CA6621411BF2001A3A59 /* LaunchScreen.storyboard */,
				DE44CA6921411BF2001A3A59 /* Info.plist */,
				DE44CA6A21411BF2001A3A59 /* main.m */,
			);
			path = UIButtonClickRange;
			sourceTree = "<group>";
		};
		DE44CA7121411C01001A3A59 /* Category */ = {
			isa = PBXGroup;
			children = (
				DE44CA7221411C17001A3A59 /* UIButton+ClickRange.h */,
				DE44CA7321411C17001A3A59 /* UIButton+ClickRange.m */,
			);
			path = Category;
			sourceTree = "<group>";
		};
/* End PBXGroup section */

/* Begin PBXNativeTarget section */
		DE44CA5721411BF1001A3A59 /* UIButtonClickRange */ = {
			isa = PBXNativeTarget;
			buildConfigurationList = DE44CA6E21411BF2001A3A59 /* Build configuration list for PBXNativeTarget "UIButtonClickRange" */;
			buildPhases = (
				DE44CA5421411BF1001A3A59 /* Sources */,
				DE44CA5521411BF1001A3A59 /* Frameworks */,
				DE44CA5621411BF1001A3A59 /* Resources */,
			);
			buildRules = (
			);
			dependencies = (
			);
			name = UIButtonClickRange;
			productName = UIButtonClickRange;
			productReference = DE44CA5821411BF1001A3A59 /* UIButtonClickRange.app */;
			productType = "com.apple.product-type.application";
		};
/* End PBXNativeTarget section */

/* Begin PBXProject section */
		DE44CA5021411BF1001A3A59 /* Project object */ = {
			isa = PBXProject;
			attributes = {
				LastUpgradeCheck = 0940;
				ORGANIZATIONNAME = Destiny;
				TargetAttributes = {
					DE44CA5721411BF1001A3A59 = {
						CreatedOnToolsVersion = 9.4.1;
					};
				};
			};
			buildConfigurationList = DE44CA5321411BF1001A3A59 /* Build configuration list for PBXProject "UIButtonClickRange" */;
			compatibilityVersion = "Xcode 9.3";
			developmentRegion = en;
			hasScannedForEncodings = 0;
			knownRegions = (
				en,
				Base,
			);
			mainGroup = DE44CA4F21411BF1001A3A59;
			productRefGroup = DE44CA5921411BF1001A3A59 /* Products */;
			projectDirPath = "";
			projectRoot = "";
			targets = (
				DE44CA5721411BF1001A3A59 /* UIButtonClickRange */,
			);
		};
/* End PBXProject section */

/* Begin PBXResourcesBuildPhase section */
		DE44CA5621411BF1001A3A59 /* Resources */ = {
			isa = PBXResourcesBuildPhase;
			buildActionMask = 2147483647;
			files = (
				DE44CA6821411BF2001A3A59 /* LaunchScreen.storyboard in Resources */,
				DE44CA6521411BF2001A3A59 /* Assets.xcassets in Resources */,
				DE44CA6321411BF1001A3A59 /* Main.storyboard in Resources */,
			);
			runOnlyForDeploymentPostprocessing = 0;
		};
/* End PBXResourcesBuildPhase section */

/* Begin PBXSourcesBuildPhase section */
		DE44CA5421411BF1001A3A59 /* Sources */ = {
			isa = PBXSourcesBuildPhase;
			buildActionMask = 2147483647;
			files = (
				DE44CA7421411C17001A3A59 /* UIButton+ClickRange.m in Sources */,
				DE44CA6021411BF1001A3A59 /* ViewController.m in Sources */,
				DE44CA6B21411BF2001A3A59 /* main.m in Sources */,
				DE44CA5D21411BF1001A3A59 /* AppDelegate.m in Sources */,
			);
			runOnlyForDeploymentPostprocessing = 0;
		};
/* End PBXSourcesBuildPhase section */

/* Begin PBXVariantGroup section */
		DE44CA6121411BF1001A3A59 /* Main.storyboard */ = {
			isa = PBXVariantGroup;
			children = (
				DE44CA6221411BF1001A3A59 /* Base */,
			);
			name = Main.storyboard;
			sourceTree = "<group>";
		};
		DE44CA6621411BF2001A3A59 /* LaunchScreen.storyboard */ = {
			isa = PBXVariantGroup;
			children = (
				DE44CA6721411BF2001A3A59 /* Base */,
			);
			name = LaunchScreen.storyboard;
			sourceTree = "<group>";
		};
/* End PBXVariantGroup section */

/* Begin XCBuildConfiguration section */
		DE44CA6C21411BF2001A3A59 /* Debug */ = {
			isa = XCBuildConfiguration;
			buildSettings = {
				ALWAYS_SEARCH_USER_PATHS = NO;
				CLANG_ANALYZER_NONNULL = YES;
				CLANG_ANALYZER_NUMBER_OBJECT_CONVERSION = YES_AGGRESSIVE;
				CLANG_CXX_LANGUAGE_STANDARD = "gnu++14";
				CLANG_CXX_LIBRARY = "libc++";
				CLANG_ENABLE_MODULES = YES;
				CLANG_ENABLE_OBJC_ARC = YES;
				CLANG_ENABLE_OBJC_WEAK = YES;
				CLANG_WARN_BLOCK_CAPTURE_AUTORELEASING = YES;
				CLANG_WARN_BOOL_CONVERSION = YES;
				CLANG_WARN_COMMA = YES;
				CLANG_WARN_CONSTANT_CONVERSION = YES;
				CLANG_WARN_DEPRECATED_OBJC_IMPLEMENTATIONS = YES;
				CLANG_WARN_DIRECT_OBJC_ISA_USAGE = YES_ERROR;
				CLANG_WARN_DOCUMENTATION_COMMENTS = YES;
				CLANG_WARN_EMPTY_BODY = YES;
				CLANG_WARN_ENUM_CONVERSION = YES;
				CLANG_WARN_INFINITE_RECURSION = YES;
				CLANG_WARN_INT_CONVERSION = YES;
				CLANG_WARN_NON_LITERAL_NULL_CONVERSION = YES;
				CLANG_WARN_OBJC_IMPLICIT_RETAIN_SELF = YES;
				CLANG_WARN_OBJC_LITERAL_CONVERSION = YES;
				CLANG_WARN_OBJC_ROOT_CLASS = YES_ERROR;
				CLANG_WARN_RANGE_LOOP_ANALYSIS = YES;
				CLANG_WARN_STRICT_PROTOTYPES = YES;
				CLANG_WARN_SUSPICIOUS_MOVE = YES;
				CLANG_WARN_UNGUARDED_AVAILABILITY = YES_AGGRESSIVE;
				CLANG_WARN_UNREACHABLE_CODE = YES;
				CLANG_WARN__DUPLICATE_METHOD_MATCH = YES;
				CODE_SIGN_IDENTITY = "iPhone Developer";
				COPY_PHASE_STRIP = NO;
				DEBUG_INFORMATION_FORMAT = dwarf;
				ENABLE_STRICT_OBJC_MSGSEND = YES;
				ENABLE_TESTABILITY = YES;
				GCC_C_LANGUAGE_STANDARD = gnu11;
				GCC_DYNAMIC_NO_PIC = NO;
				GCC_NO_COMMON_BLOCKS = YES;
				GCC_OPTIMIZATION_LEVEL = 0;
				GCC_PREPROCESSOR_DEFINITIONS = (
					"DEBUG=1",
					"$(inherited)",
				);
				GCC_WARN_64_TO_32_BIT_CONVERSION = YES;
				GCC_WARN_ABOUT_RETURN_TYPE = YES_ERROR;
				GCC_WARN_UNDECLARED_SELECTOR = YES;
				GCC_WARN_UNINITIALIZED_AUTOS = YES_AGGRESSIVE;
				GCC_WARN_UNUSED_FUNCTION = YES;
				GCC_WARN_UNUSED_VARIABLE = YES;
				IPHONEOS_DEPLOYMENT_TARGET = 11.4;
				MTL_ENABLE_DEBUG_INFO = YES;
				ONLY_ACTIVE_ARCH = YES;
				SDKROOT = iphoneos;
			};
			name = Debug;
		};
		DE44CA6D21411BF2001A3A59 /* Release */ = {
			isa = XCBuildConfiguration;
			buildSettings = {
				ALWAYS_SEARCH_USER_PATHS = NO;
				CLANG_ANALYZER_NONNULL = YES;
				CLANG_ANALYZER_NUMBER_OBJECT_CONVERSION = YES_AGGRESSIVE;
				CLANG_CXX_LANGUAGE_STANDARD = "gnu++14";
				CLANG_CXX_LIBRARY = "libc++";
				CLANG_ENABLE_MODULES = YES;
				CLANG_ENABLE_OBJC_ARC = YES;
				CLANG_ENABLE_OBJC_WEAK = YES;
				CLANG_WARN_BLOCK_CAPTURE_AUTORELEASING = YES;
				CLANG_WARN_BOOL_CONVERSION = YES;
				CLANG_WARN_COMMA = YES;
				CLANG_WARN_CONSTANT_CONVERSION = YES;
				CLANG_WARN_DEPRECATED_OBJC_IMPLEMENTATIONS = YES;
				CLANG_WARN_DIRECT_OBJC_ISA_USAGE = YES_ERROR;
				CLANG_WARN_DOCUMENTATION_COMMENTS = YES;
				CLANG_WARN_EMPTY_BODY = YES;
				CLANG_WARN_ENUM_CONVERSION = YES;
				CLANG_WARN_INFINITE_RECURSION = YES;
				CLANG_WARN_INT_CONVERSION = YES;
				CLANG_WARN_NON_LITERAL_NULL_CONVERSION = YES;
				CLANG_WARN_OBJC_IMPLICIT_RETAIN_SELF = YES;
				CLANG_WARN_OBJC_LITERAL_CONVERSION = YES;
				CLANG_WARN_OBJC_ROOT_CLASS = YES_ERROR;
				CLANG_WARN_RANGE_LOOP_ANALYSIS = YES;
				CLANG_WARN_STRICT_PROTOTYPES = YES;
				CLANG_WARN_SUSPICIOUS_MOVE = YES;
				CLANG_WARN_UNGUARDED_AVAILABILITY = YES_AGGRESSIVE;
				CLANG_WARN_UNREACHABLE_CODE = YES;
				CLANG_WARN__DUPLICATE_METHOD_MATCH = YES;
				CODE_SIGN_IDENTITY = "iPhone Developer";
				COPY_PHASE_STRIP = NO;
				DEBUG_INFORMATION_FORMAT = "dwarf-with-dsym";
				ENABLE_NS_ASSERTIONS = NO;
				ENABLE_STRICT_OBJC_MSGSEND = YES;
				GCC_C_LANGUAGE_STANDARD = gnu11;
				GCC_NO_COMMON_BLOCKS = YES;
				GCC_WARN_64_TO_32_BIT_CONVERSION = YES;
				GCC_WARN_ABOUT_RETURN_TYPE = YES_ERROR;
				GCC_WARN_UNDECLARED_SELECTOR = YES;
				GCC_WARN_UNINITIALIZED_AUTOS = YES_AGGRESSIVE;
				GCC_WARN_UNUSED_FUNCTION = YES;
				GCC_WARN_UNUSED_VARIABLE = YES;
				IPHONEOS_DEPLOYMENT_TARGET = 11.4;
				MTL_ENABLE_DEBUG_INFO = NO;
				SDKROOT = iphoneos;
				VALIDATE_PRODUCT = YES;
			};
			name = Release;
		};
		DE44CA6F21411BF2001A3A59 /* Debug */ = {
			isa = XCBuildConfiguration;
			buildSettings = {
				ASSETCATALOG_COMPILER_APPICON_NAME = AppIcon;
				CODE_SIGN_STYLE = Automatic;
				INFOPLIST_FILE = UIButtonClickRange/Info.plist;
				LD_RUNPATH_SEARCH_PATHS = (
					"$(inherited)",
					"@executable_path/Frameworks",
				);
				PRODUCT_BUNDLE_IDENTIFIER = Destiny.UIButtonClickRange;
				PRODUCT_NAME = "$(TARGET_NAME)";
				TARGETED_DEVICE_FAMILY = "1,2";
			};
			name = Debug;
		};
		DE44CA7021411BF2001A3A59 /* Release */ = {
			isa = XCBuildConfiguration;
			buildSettings = {
				ASSETCATALOG_COMPILER_APPICON_NAME = AppIcon;
				CODE_SIGN_STYLE = Automatic;
				INFOPLIST_FILE = UIButtonClickRange/Info.plist;
				LD_RUNPATH_SEARCH_PATHS = (
					"$(inherited)",
					"@executable_path/Frameworks",
				);
				PRODUCT_BUNDLE_IDENTIFIER = Destiny.UIButtonClickRange;
				PRODUCT_NAME = "$(TARGET_NAME)";
				TARGETED_DEVICE_FAMILY = "1,2";
			};
			name = Release;
		};
/* End XCBuildConfiguration section */

/* Begin XCConfigurationList section */
		DE44CA5321411BF1001A3A59 /* Build configuration list for PBXProject "UIButtonClickRange" */ = {
			isa = XCConfigurationList;
			buildConfigurations = (
				DE44CA6C21411BF2001A3A59 /* Debug */,
				DE44CA6D21411BF2001A3A59 /* Release */,
			);
			defaultConfigurationIsVisible = 0;
			defaultConfigurationName = Release;
		};
		DE44CA6E21411BF2001A3A59 /* Build configuration list for PBXNativeTarget "UIButtonClickRange" */ = {
			isa = XCConfigurationList;
			buildConfigurations = (
				DE44CA6F21411BF2001A3A59 /* Debug */,
				DE44CA7021411BF2001A3A59 /* Release */,
			);
			defaultConfigurationIsVisible = 0;
			defaultConfigurationName = Release;
		};
/* End XCConfigurationList section */
	};
	rootObject = DE44CA5021411BF1001A3A59 /* Project object */;
}
